
Microsoft Visual Studio Solution File, Format Version 12.00
# Visual Studio Version 17
VisualStudioVersion = 17.14.36310.24
MinimumVisualStudioVersion = 10.0.40219.1
Project("{FAE04EC0-301F-11D3-BF4B-00C04F79EFBC}") = "VirtualGarden", "VirtualGarden\VirtualGarden.csproj", "{DC768FEC-B3BE-4386-A0EA-5CEAB26B7B25}"
EndProject
Project("{FAE04EC0-301F-11D3-BF4B-00C04F79EFBC}") = "VirtualGardenTests", "VirtualGardenTests\VirtualGardenTests.csproj", "{495039AE-417B-460D-9C45-BC8CBC1E202D}"
EndProject
Global
	GlobalSection(SolutionConfigurationPlatforms) = preSolution
		Debug|Any CPU = Debug|Any CPU
		Release|Any CPU = Release|Any CPU
	EndGlobalSection
	GlobalSection(ProjectConfigurationPlatforms) = postSolution
		{DC768FEC-B3BE-4386-A0EA-5CEAB26B7B25}.Debug|Any CPU.ActiveCfg = Debug|Any CPU
		{DC768FEC-B3BE-4386-A0EA-5CEAB26B7B25}.Debug|Any CPU.Build.0 = Debug|Any CPU
		{DC768FEC-B3BE-4386-A0EA-5CEAB26B7B25}.Release|Any CPU.ActiveCfg = Release|Any CPU
		{DC768FEC-B3BE-4386-A0EA-5CEAB26B7B25}.Release|Any CPU.Build.0 = Release|Any CPU
		{495039AE-417B-460D-9C45-BC8CBC1E202D}.Debug|Any CPU.ActiveCfg = Debug|Any CPU
		{495039AE-417B-460D-9C45-BC8CBC1E202D}.Debug|Any CPU.Build.0 = Debug|Any CPU
		{495039AE-417B-460D-9C45-BC8CBC1E202D}.Release|Any CPU.ActiveCfg = Release|Any CPU
		{495039AE-417B-460D-9C45-BC8CBC1E202D}.Release|Any CPU.Build.0 = Release|Any CPU
	EndGlobalSection
	GlobalSection(SolutionProperties) = preSolution
		HideSolutionNode = FALSE
	EndGlobalSection
	GlobalSection(ExtensibilityGlobals) = postSolution
		SolutionGuid = {47587802-5386-42EE-9A60-7979064923BA}
	EndGlobalSection
EndGlobal
